// !$*UTF8*$!
{
	archiveVersion = 1;
	classes = {
	};
	objectVersion = 50;
	objects = {

/* Begin PBXBuildFile section */
		D0479F5D23F5019400D23582 /* Main.storyboard in Resources */ = {isa = PBXBuildFile; fileRef = D0479F5B23F5019400D23582 /* Main.storyboard */; };
		D08870EC23F667E700E71DD1 /* Assets.xcassets in Resources */ = {isa = PBXBuildFile; fileRef = D08870E323F667E700E71DD1 /* Assets.xcassets */; };
		D08870ED23F667E700E71DD1 /* SlideSegue.swift in Sources */ = {isa = PBXBuildFile; fileRef = D08870E423F667E700E71DD1 /* SlideSegue.swift */; };
		D08870EF23F667E700E71DD1 /* AppDelegate.swift in Sources */ = {isa = PBXBuildFile; fileRef = D08870E623F667E700E71DD1 /* AppDelegate.swift */; };
		D08870F023F667E700E71DD1 /* MyWindowController.swift in Sources */ = {isa = PBXBuildFile; fileRef = D08870E823F667E700E71DD1 /* MyWindowController.swift */; };
		D08870F123F667E700E71DD1 /* SecondViewController.swift in Sources */ = {isa = PBXBuildFile; fileRef = D08870E923F667E700E71DD1 /* SecondViewController.swift */; };
		D08870F223F667E700E71DD1 /* ViewController.swift in Sources */ = {isa = PBXBuildFile; fileRef = D08870EA23F667E700E71DD1 /* ViewController.swift */; };
		D08870F323F667E700E71DD1 /* FirstViewController.swift in Sources */ = {isa = PBXBuildFile; fileRef = D08870EB23F667E700E71DD1 /* FirstViewController.swift */; };
/* End PBXBuildFile section */

/* Begin PBXFileReference section */
		D0479F5223F5018F00D23582 /* Qiita_CustomSegueSample.app */ = {isa = PBXFileReference; explicitFileType = wrapper.application; includeInIndex = 0; path = Qiita_CustomSegueSample.app; sourceTree = BUILT_PRODUCTS_DIR; };
		D0479F5C23F5019400D23582 /* Base */ = {isa = PBXFileReference; lastKnownFileType = file.storyboard; name = Base; path = Base.lproj/Main.storyboard; sourceTree = "<group>"; };
		D08870E323F667E700E71DD1 /* Assets.xcassets */ = {isa = PBXFileReference; lastKnownFileType = folder.assetcatalog; name = Assets.xcassets; path = Qiita_CustomSegueSample/Assets.xcassets; sourceTree = SOURCE_ROOT; };
		D08870E423F667E700E71DD1 /* SlideSegue.swift */ = {isa = PBXFileReference; fileEncoding = 4; lastKnownFileType = sourcecode.swift; name = SlideSegue.swift; path = Qiita_CustomSegueSample/SlideSegue.swift; sourceTree = SOURCE_ROOT; };
		D08870E523F667E700E71DD1 /* Info.plist */ = {isa = PBXFileReference; fileEncoding = 4; lastKnownFileType = text.plist.xml; name = Info.plist; path = Qiita_CustomSegueSample/Info.plist; sourceTree = SOURCE_ROOT; };
		D08870E623F667E700E71DD1 /* AppDelegate.swift */ = {isa = PBXFileReference; fileEncoding = 4; lastKnownFileType = sourcecode.swift; name = AppDelegate.swift; path = Qiita_CustomSegueSample/AppDelegate.swift; sourceTree = SOURCE_ROOT; };
		D08870E723F667E700E71DD1 /* SegueTest.entitlements */ = {isa = PBXFileReference; fileEncoding = 4; lastKnownFileType = text.plist.entitlements; name = SegueTest.entitlements; path = Qiita_CustomSegueSample/SegueTest.entitlements; sourceTree = SOURCE_ROOT; };
		D08870E823F667E700E71DD1 /* MyWindowController.swift */ = {isa = PBXFileReference; fileEncoding = 4; lastKnownFileType = sourcecode.swift; name = MyWindowController.swift; path = Qiita_CustomSegueSample/MyWindowController.swift; sourceTree = SOURCE_ROOT; };
		D08870E923F667E700E71DD1 /* SecondViewController.swift */ = {isa = PBXFileReference; fileEncoding = 4; lastKnownFileType = sourcecode.swift; name = SecondViewController.swift; path = Qiita_CustomSegueSample/SecondViewController.swift; sourceTree = SOURCE_ROOT; };
		D08870EA23F667E700E71DD1 /* ViewController.swift */ = {isa = PBXFileReference; fileEncoding = 4; lastKnownFileType = sourcecode.swift; name = ViewController.swift; path = Qiita_CustomSegueSample/ViewController.swift; sourceTree = SOURCE_ROOT; };
		D08870EB23F667E700E71DD1 /* FirstViewController.swift */ = {isa = PBXFileReference; fileEncoding = 4; lastKnownFileType = sourcecode.swift; name = FirstViewController.swift; path = Qiita_CustomSegueSample/FirstViewController.swift; sourceTree = SOURCE_ROOT; };
/* End PBXFileReference section */

/* Begin PBXFrameworksBuildPhase section */
		D0479F4F23F5018F00D23582 /* Frameworks */ = {
			isa = PBXFrameworksBuildPhase;
			buildActionMask = 2147483647;
			files = (
			);
			runOnlyForDeploymentPostprocessing = 0;
		};
/* End PBXFrameworksBuildPhase section */

/* Begin PBXGroup section */
		D0479F4923F5018F00D23582 = {
			isa = PBXGroup;
			children = (
				D0479F5423F5018F00D23582 /* Qiita_CustomSegueSample */,
				D0479F5323F5018F00D23582 /* Products */,
			);
			sourceTree = "<group>";
		};
		D0479F5323F5018F00D23582 /* Products */ = {
			isa = PBXGroup;
			children = (
				D0479F5223F5018F00D23582 /* Qiita_CustomSegueSample.app */,
			);
			name = Products;
			sourceTree = "<group>";
		};
		D0479F5423F5018F00D23582 /* Qiita_CustomSegueSample */ = {
			isa = PBXGroup;
			children = (
				D08870E623F667E700E71DD1 /* AppDelegate.swift */,
				D08870E323F667E700E71DD1 /* Assets.xcassets */,
				D08870EB23F667E700E71DD1 /* FirstViewController.swift */,
				D08870E523F667E700E71DD1 /* Info.plist */,
				D08870E823F667E700E71DD1 /* MyWindowController.swift */,
				D08870E923F667E700E71DD1 /* SecondViewController.swift */,
				D08870E723F667E700E71DD1 /* SegueTest.entitlements */,
				D08870E423F667E700E71DD1 /* SlideSegue.swift */,
				D08870EA23F667E700E71DD1 /* ViewController.swift */,
				D0479F5B23F5019400D23582 /* Main.storyboard */,
			);
			path = Qiita_CustomSegueSample;
			sourceTree = "<group>";
		};
/* End PBXGroup section */

/* Begin PBXNativeTarget section */
		D0479F5123F5018F00D23582 /* Qiita_CustomSegueSample */ = {
			isa = PBXNativeTarget;
			buildConfigurationList = D0479F6223F5019400D23582 /* Build configuration list for PBXNativeTarget "Qiita_CustomSegueSample" */;
			buildPhases = (
				D0479F4E23F5018F00D23582 /* Sources */,
				D0479F4F23F5018F00D23582 /* Frameworks */,
				D0479F5023F5018F00D23582 /* Resources */,
			);
			buildRules = (
			);
			dependencies = (
			);
			name = Qiita_CustomSegueSample;
			productName = SegueTest;
			productReference = D0479F5223F5018F00D23582 /* Qiita_CustomSegueSample.app */;
			productType = "com.apple.product-type.application";
		};
/* End PBXNativeTarget section */

/* Begin PBXProject section */
		D0479F4A23F5018F00D23582 /* Project object */ = {
			isa = PBXProject;
			attributes = {
				LastSwiftUpdateCheck = 1010;
				LastUpgradeCheck = 1010;
				ORGANIZATIONNAME = hikeuchi;
				TargetAttributes = {
					D0479F5123F5018F00D23582 = {
						CreatedOnToolsVersion = 10.1;
					};
				};
			};
			buildConfigurationList = D0479F4D23F5018F00D23582 /* Build configuration list for PBXProject "Qiita_CustomSegueSample" */;
			compatibilityVersion = "Xcode 9.3";
			developmentRegion = en;
			hasScannedForEncodings = 0;
			knownRegions = (
				en,
				Base,
			);
			mainGroup = D0479F4923F5018F00D23582;
			productRefGroup = D0479F5323F5018F00D23582 /* Products */;
			projectDirPath = "";
			projectRoot = "";
			targets = (
				D0479F5123F5018F00D23582 /* Qiita_CustomSegueSample */,
			);
		};
/* End PBXProject section */

/* Begin PBXResourcesBuildPhase section */
		D0479F5023F5018F00D23582 /* Resources */ = {
			isa = PBXResourcesBuildPhase;
			buildActionMask = 2147483647;
			files = (
				D08870EC23F667E700E71DD1 /* Assets.xcassets in Resources */,
				D0479F5D23F5019400D23582 /* Main.storyboard in Resources */,
			);
			runOnlyForDeploymentPostprocessing = 0;
		};
/* End PBXResourcesBuildPhase section */

/* Begin PBXSourcesBuildPhase section */
		D0479F4E23F5018F00D23582 /* Sources */ = {
			isa = PBXSourcesBuildPhase;
			buildActionMask = 2147483647;
			files = (
				D08870EF23F667E700E71DD1 /* AppDelegate.swift in Sources */,
				D08870F323F667E700E71DD1 /* FirstViewController.swift in Sources */,
				D08870F223F667E700E71DD1 /* ViewController.swift in Sources */,
				D08870F023F667E700E71DD1 /* MyWindowController.swift in Sources */,
				D08870ED23F667E700E71DD1 /* SlideSegue.swift in Sources */,
				D08870F123F667E700E71DD1 /* SecondViewController.swift in Sources */,
			);
			runOnlyForDeploymentPostprocessing = 0;
		};
/* End PBXSourcesBuildPhase section */

/* Begin PBXVariantGroup section */
		D0479F5B23F5019400D23582 /* Main.storyboard */ = {
			isa = PBXVariantGroup;
			children = (
				D0479F5C23F5019400D23582 /* Base */,
			);
			name = Main.storyboard;
			sourceTree = "<group>";
		};
/* End PBXVariantGroup section */

/* Begin XCBuildConfiguration section */
		D0479F6023F5019400D23582 /* Debug */ = {
			isa = XCBuildConfiguration;
			buildSettings = {
				ALWAYS_SEARCH_USER_PATHS = NO;
				CLANG_ANALYZER_NONNULL = YES;
				CLANG_ANALYZER_NUMBER_OBJECT_CONVERSION = YES_AGGRESSIVE;
				CLANG_CXX_LANGUAGE_STANDARD = "gnu++14";
				CLANG_CXX_LIBRARY = "libc++";
				CLANG_ENABLE_MODULES = YES;
				CLANG_ENABLE_OBJC_ARC = YES;
				CLANG_ENABLE_OBJC_WEAK = YES;
				CLANG_WARN_BLOCK_CAPTURE_AUTORELEASING = YES;
				CLANG_WARN_BOOL_CONVERSION = YES;
				CLANG_WARN_COMMA = YES;
				CLANG_WARN_CONSTANT_CONVERSION = YES;
				CLANG_WARN_DEPRECATED_OBJC_IMPLEMENTATIONS = YES;
				CLANG_WARN_DIRECT_OBJC_ISA_USAGE = YES_ERROR;
				CLANG_WARN_DOCUMENTATION_COMMENTS = YES;
				CLANG_WARN_EMPTY_BODY = YES;
				CLANG_WARN_ENUM_CONVERSION = YES;
				CLANG_WARN_INFINITE_RECURSION = YES;
				CLANG_WARN_INT_CONVERSION = YES;
				CLANG_WARN_NON_LITERAL_NULL_CONVERSION = YES;
				CLANG_WARN_OBJC_IMPLICIT_RETAIN_SELF = YES;
				CLANG_WARN_OBJC_LITERAL_CONVERSION = YES;
				CLANG_WARN_OBJC_ROOT_CLASS = YES_ERROR;
				CLANG_WARN_RANGE_LOOP_ANALYSIS = YES;
				CLANG_WARN_STRICT_PROTOTYPES = YES;
				CLANG_WARN_SUSPICIOUS_MOVE = YES;
				CLANG_WARN_UNGUARDED_AVAILABILITY = YES_AGGRESSIVE;
				CLANG_WARN_UNREACHABLE_CODE = YES;
				CLANG_WARN__DUPLICATE_METHOD_MATCH = YES;
				CODE_SIGN_IDENTITY = "-";
				COPY_PHASE_STRIP = NO;
				DEBUG_INFORMATION_FORMAT = dwarf;
				ENABLE_STRICT_OBJC_MSGSEND = YES;
				ENABLE_TESTABILITY = YES;
				GCC_C_LANGUAGE_STANDARD = gnu11;
				GCC_DYNAMIC_NO_PIC = NO;
				GCC_NO_COMMON_BLOCKS = YES;
				GCC_OPTIMIZATION_LEVEL = 0;
				GCC_PREPROCESSOR_DEFINITIONS = (
					"DEBUG=1",
					"$(inherited)",
				);
				GCC_WARN_64_TO_32_BIT_CONVERSION = YES;
				GCC_WARN_ABOUT_RETURN_TYPE = YES_ERROR;
				GCC_WARN_UNDECLARED_SELECTOR = YES;
				GCC_WARN_UNINITIALIZED_AUTOS = YES_AGGRESSIVE;
				GCC_WARN_UNUSED_FUNCTION = YES;
				GCC_WARN_UNUSED_VARIABLE = YES;
				MACOSX_DEPLOYMENT_TARGET = 10.13;
				MTL_ENABLE_DEBUG_INFO = INCLUDE_SOURCE;
				MTL_FAST_MATH = YES;
				ONLY_ACTIVE_ARCH = YES;
				SDKROOT = macosx;
				SWIFT_ACTIVE_COMPILATION_CONDITIONS = DEBUG;
				SWIFT_OPTIMIZATION_LEVEL = "-Onone";
			};
			name = Debug;
		};
		D0479F6123F5019400D23582 /* Release */ = {
			isa = XCBuildConfiguration;
			buildSettings = {
				ALWAYS_SEARCH_USER_PATHS = NO;
				CLANG_ANALYZER_NONNULL = YES;
				CLANG_ANALYZER_NUMBER_OBJECT_CONVERSION = YES_AGGRESSIVE;
				CLANG_CXX_LANGUAGE_STANDARD = "gnu++14";
				CLANG_CXX_LIBRARY = "libc++";
				CLANG_ENABLE_MODULES = YES;
				CLANG_ENABLE_OBJC_ARC = YES;
				CLANG_ENABLE_OBJC_WEAK = YES;
				CLANG_WARN_BLOCK_CAPTURE_AUTORELEASING = YES;
				CLANG_WARN_BOOL_CONVERSION = YES;
				CLANG_WARN_COMMA = YES;
				CLANG_WARN_CONSTANT_CONVERSION = YES;
				CLANG_WARN_DEPRECATED_OBJC_IMPLEMENTATIONS = YES;
				CLANG_WARN_DIRECT_OBJC_ISA_USAGE = YES_ERROR;
				CLANG_WARN_DOCUMENTATION_COMMENTS = YES;
				CLANG_WARN_EMPTY_BODY = YES;
				CLANG_WARN_ENUM_CONVERSION = YES;
				CLANG_WARN_INFINITE_RECURSION = YES;
				CLANG_WARN_INT_CONVERSION = YES;
				CLANG_WARN_NON_LITERAL_NULL_CONVERSION = YES;
				CLANG_WARN_OBJC_IMPLICIT_RETAIN_SELF = YES;
				CLANG_WARN_OBJC_LITERAL_CONVERSION = YES;
				CLANG_WARN_OBJC_ROOT_CLASS = YES_ERROR;
				CLANG_WARN_RANGE_LOOP_ANALYSIS = YES;
				CLANG_WARN_STRICT_PROTOTYPES = YES;
				CLANG_WARN_SUSPICIOUS_MOVE = YES;
				CLANG_WARN_UNGUARDED_AVAILABILITY = YES_AGGRESSIVE;
				CLANG_WARN_UNREACHABLE_CODE = YES;
				CLANG_WARN__DUPLICATE_METHOD_MATCH = YES;
				CODE_SIGN_IDENTITY = "-";
				COPY_PHASE_STRIP = NO;
				DEBUG_INFORMATION_FORMAT = "dwarf-with-dsym";
				ENABLE_NS_ASSERTIONS = NO;
				ENABLE_STRICT_OBJC_MSGSEND = YES;
				GCC_C_LANGUAGE_STANDARD = gnu11;
				GCC_NO_COMMON_BLOCKS = YES;
				GCC_WARN_64_TO_32_BIT_CONVERSION = YES;
				GCC_WARN_ABOUT_RETURN_TYPE = YES_ERROR;
				GCC_WARN_UNDECLARED_SELECTOR = YES;
				GCC_WARN_UNINITIALIZED_AUTOS = YES_AGGRESSIVE;
				GCC_WARN_UNUSED_FUNCTION = YES;
				GCC_WARN_UNUSED_VARIABLE = YES;
				MACOSX_DEPLOYMENT_TARGET = 10.13;
				MTL_ENABLE_DEBUG_INFO = NO;
				MTL_FAST_MATH = YES;
				SDKROOT = macosx;
				SWIFT_COMPILATION_MODE = wholemodule;
				SWIFT_OPTIMIZATION_LEVEL = "-O";
			};
			name = Release;
		};
		D0479F6323F5019400D23582 /* Debug */ = {
			isa = XCBuildConfiguration;
			buildSettings = {
				ASSETCATALOG_COMPILER_APPICON_NAME = AppIcon;
				CODE_SIGN_ENTITLEMENTS = Qiita_CustomSegueSample/SegueTest.entitlements;
				CODE_SIGN_STYLE = Automatic;
				COMBINE_HIDPI_IMAGES = YES;
				INFOPLIST_FILE = Qiita_CustomSegueSample/Info.plist;
				LD_RUNPATH_SEARCH_PATHS = (
					"$(inherited)",
					"@executable_path/../Frameworks",
				);
				PRODUCT_BUNDLE_IDENTIFIER = jp.co.hikeuchi.QiitaCustomSegueSample;
				PRODUCT_NAME = "$(TARGET_NAME)";
				SWIFT_VERSION = 4.2;
			};
			name = Debug;
		};
		D0479F6423F5019400D23582 /* Release */ = {
			isa = XCBuildConfiguration;
			buildSettings = {
				ASSETCATALOG_COMPILER_APPICON_NAME = AppIcon;
				CODE_SIGN_ENTITLEMENTS = Qiita_CustomSegueSample/SegueTest.entitlements;
				CODE_SIGN_STYLE = Automatic;
				COMBINE_HIDPI_IMAGES = YES;
				INFOPLIST_FILE = Qiita_CustomSegueSample/Info.plist;
				LD_RUNPATH_SEARCH_PATHS = (
					"$(inherited)",
					"@executable_path/../Frameworks",
				);
				PRODUCT_BUNDLE_IDENTIFIER = jp.co.hikeuchi.QiitaCustomSegueSample;
				PRODUCT_NAME = "$(TARGET_NAME)";
				SWIFT_VERSION = 4.2;
			};
			name = Release;
		};
/* End XCBuildConfiguration section */

/* Begin XCConfigurationList section */
		D0479F4D23F5018F00D23582 /* Build configuration list for PBXProject "Qiita_CustomSegueSample" */ = {
			isa = XCConfigurationList;
			buildConfigurations = (
				D0479F6023F5019400D23582 /* Debug */,
				D0479F6123F5019400D23582 /* Release */,
			);
			defaultConfigurationIsVisible = 0;
			defaultConfigurationName = Release;
		};
		D0479F6223F5019400D23582 /* Build configuration list for PBXNativeTarget "Qiita_CustomSegueSample" */ = {
			isa = XCConfigurationList;
			buildConfigurations = (
				D0479F6323F5019400D23582 /* Debug */,
				D0479F6423F5019400D23582 /* Release */,
			);
			defaultConfigurationIsVisible = 0;
			defaultConfigurationName = Release;
		};
/* End XCConfigurationList section */
	};
	rootObject = D0479F4A23F5018F00D23582 /* Project object */;
}
